
Microsoft Visual Studio Solution File, Format Version 12.00
# Visual Studio Version 16
VisualStudioVersion = 16.0.30114.105
MinimumVisualStudioVersion = 10.0.40219.1
Project("{FAE04EC0-301F-11D3-BF4B-00C04F79EFBC}") = "CulturalCitiesService", "CulturalCitiesService\CulturalCitiesService.csproj", "{68CBF5AC-ECAE-46BC-9939-3B4E382957B3}"
EndProject
Global
	GlobalSection(SolutionConfigurationPlatforms) = preSolution
		Debug|Any CPU = Debug|Any CPU
		Release|Any CPU = Release|Any CPU
	EndGlobalSection
	GlobalSection(ProjectConfigurationPlatforms) = postSolution
		{68CBF5AC-ECAE-46BC-9939-3B4E382957B3}.Debug|Any CPU.ActiveCfg = Debug|Any CPU
		{68CBF5AC-ECAE-46BC-9939-3B4E382957B3}.Debug|Any CPU.Build.0 = Debug|Any CPU
		{68CBF5AC-ECAE-46BC-9939-3B4E382957B3}.Release|Any CPU.ActiveCfg = Release|Any CPU
		{68CBF5AC-ECAE-46BC-9939-3B4E382957B3}.Release|Any CPU.Build.0 = Release|Any CPU
	EndGlobalSection
	GlobalSection(SolutionProperties) = preSolution
		HideSolutionNode = FALSE
	EndGlobalSection
	GlobalSection(ExtensibilityGlobals) = postSolution
		SolutionGuid = {DF730D3F-E0DF-4255-9009-557F43EEB81A}
	EndGlobalSection
EndGlobal
